{
  "name": "convonite-sample",
  "version": "1.0.0",
  "lockfileVersion": 3,
  "requires": true,
  "packages": {
    "": {
      "name": "convonite-sample",
      "version": "1.0.0"
    },
    "functions/orders": {
      "version": "1.0.0",
      "extraneous": true,
      "dependencies": {
        "@repo/utils": "file:../../packages/utils",
        "zcatalyst-sdk-node": "latest"
      }
    },
    "functions/products": {
      "version": "1.0.0",
      "extraneous": true,
      "dependencies": {
        "@repo/utils": "file:../../packages/utils",
        "zcatalyst-sdk-node": "latest"
      }
    },
    "packages/utils": {
      "name": "@repo/utils",
      "version": "1.0.0",
      "extraneous": true
    }
  }
}
